
Microsoft Visual Studio Solution File, Format Version 12.00
# Visual Studio Version 17
VisualStudioVersion = 17.14.36327.8
MinimumVisualStudioVersion = 10.0.40219.1
Project("{FAE04EC0-301F-11D3-BF4B-00C04F79EFBC}") = "TextBuddySDK", "TextBuddySDK.csproj", "{56CDB54C-2083-45B4-83B1-027AB4DCADF8}"
EndProject
Project("{FAE04EC0-301F-11D3-BF4B-00C04F79EFBC}") = "TextBuddySDK.Tests", "..\TextBuddySDK.Tests\TextBuddySDK.Tests.csproj", "{6107E7DE-B454-457E-9DF6-6C1719B343F6}"
EndProject
Global
	GlobalSection(SolutionConfigurationPlatforms) = preSolution
		Debug|Any CPU = Debug|Any CPU
		Release|Any CPU = Release|Any CPU
	EndGlobalSection
	GlobalSection(ProjectConfigurationPlatforms) = postSolution
		{56CDB54C-2083-45B4-83B1-027AB4DCADF8}.Debug|Any CPU.ActiveCfg = Debug|Any CPU
		{56CDB54C-2083-45B4-83B1-027AB4DCADF8}.Debug|Any CPU.Build.0 = Debug|Any CPU
		{56CDB54C-2083-45B4-83B1-027AB4DCADF8}.Release|Any CPU.ActiveCfg = Release|Any CPU
		{56CDB54C-2083-45B4-83B1-027AB4DCADF8}.Release|Any CPU.Build.0 = Release|Any CPU
		{6107E7DE-B454-457E-9DF6-6C1719B343F6}.Debug|Any CPU.ActiveCfg = Debug|Any CPU
		{6107E7DE-B454-457E-9DF6-6C1719B343F6}.Debug|Any CPU.Build.0 = Debug|Any CPU
		{6107E7DE-B454-457E-9DF6-6C1719B343F6}.Release|Any CPU.ActiveCfg = Release|Any CPU
		{6107E7DE-B454-457E-9DF6-6C1719B343F6}.Release|Any CPU.Build.0 = Release|Any CPU
	EndGlobalSection
	GlobalSection(SolutionProperties) = preSolution
		HideSolutionNode = FALSE
	EndGlobalSection
	GlobalSection(ExtensibilityGlobals) = postSolution
		SolutionGuid = {DD5B606A-231C-4380-BF1E-C76364C1EF00}
	EndGlobalSection
EndGlobal
